// !$*UTF8*$!
{
	archiveVersion = 1;
	classes = {
	};
	objectVersion = 46;
	objects = {

/* Begin PBXBuildFile section */
		D04A3736153B7E14005621CF /* Cocoa.framework in Frameworks */ = {isa = PBXBuildFile; fileRef = D04A3735153B7E14005621CF /* Cocoa.framework */; };
		D04A3740153B7E14005621CF /* InfoPlist.strings in Resources */ = {isa = PBXBuildFile; fileRef = D04A373E153B7E14005621CF /* InfoPlist.strings */; };
		D04A3742153B7E14005621CF /* main.m in Sources */ = {isa = PBXBuildFile; fileRef = D04A3741153B7E14005621CF /* main.m */; };
		D04A3746153B7E14005621CF /* Credits.rtf in Resources */ = {isa = PBXBuildFile; fileRef = D04A3744153B7E14005621CF /* Credits.rtf */; };
		D04A3749153B7E14005621CF /* AppDelegate.m in Sources */ = {isa = PBXBuildFile; fileRef = D04A3748153B7E14005621CF /* AppDelegate.m */; };
		D04A374C153B7E14005621CF /* MainMenu.xib in Resources */ = {isa = PBXBuildFile; fileRef = D04A374A153B7E14005621CF /* MainMenu.xib */; };
		D04A3754153B7E14005621CF /* SenTestingKit.framework in Frameworks */ = {isa = PBXBuildFile; fileRef = D04A3753153B7E14005621CF /* SenTestingKit.framework */; };
		D04A3755153B7E14005621CF /* Cocoa.framework in Frameworks */ = {isa = PBXBuildFile; fileRef = D04A3735153B7E14005621CF /* Cocoa.framework */; };
		D04A375D153B7E14005621CF /* InfoPlist.strings in Resources */ = {isa = PBXBuildFile; fileRef = D04A375B153B7E14005621CF /* InfoPlist.strings */; };
		D04A3760153B7E14005621CF /* FastImageCorrelationTests.m in Sources */ = {isa = PBXBuildFile; fileRef = D04A375F153B7E14005621CF /* FastImageCorrelationTests.m */; };
		D04A376C153B7FF2005621CF /* NOImageCorrelate.m in Sources */ = {isa = PBXBuildFile; fileRef = D04A376B153B7FF2005621CF /* NOImageCorrelate.m */; };
/* End PBXBuildFile section */

/* Begin PBXContainerItemProxy section */
		D04A3756153B7E14005621CF /* PBXContainerItemProxy */ = {
			isa = PBXContainerItemProxy;
			containerPortal = D04A3728153B7E14005621CF /* Project object */;
			proxyType = 1;
			remoteGlobalIDString = D04A3730153B7E14005621CF;
			remoteInfo = FastImageCorrelation;
		};
/* End PBXContainerItemProxy section */

/* Begin PBXFileReference section */
		D04A3731153B7E14005621CF /* FastImageCorrelation.app */ = {isa = PBXFileReference; explicitFileType = wrapper.application; includeInIndex = 0; path = FastImageCorrelation.app; sourceTree = BUILT_PRODUCTS_DIR; };
		D04A3735153B7E14005621CF /* Cocoa.framework */ = {isa = PBXFileReference; lastKnownFileType = wrapper.framework; name = Cocoa.framework; path = System/Library/Frameworks/Cocoa.framework; sourceTree = SDKROOT; };
		D04A3738153B7E14005621CF /* AppKit.framework */ = {isa = PBXFileReference; lastKnownFileType = wrapper.framework; name = AppKit.framework; path = System/Library/Frameworks/AppKit.framework; sourceTree = SDKROOT; };
		D04A3739153B7E14005621CF /* CoreData.framework */ = {isa = PBXFileReference; lastKnownFileType = wrapper.framework; name = CoreData.framework; path = System/Library/Frameworks/CoreData.framework; sourceTree = SDKROOT; };
		D04A373A153B7E14005621CF /* Foundation.framework */ = {isa = PBXFileReference; lastKnownFileType = wrapper.framework; name = Foundation.framework; path = System/Library/Frameworks/Foundation.framework; sourceTree = SDKROOT; };
		D04A373D153B7E14005621CF /* FastImageCorrelation-Info.plist */ = {isa = PBXFileReference; lastKnownFileType = text.plist.xml; path = "FastImageCorrelation-Info.plist"; sourceTree = "<group>"; };
		D04A373F153B7E14005621CF /* en */ = {isa = PBXFileReference; lastKnownFileType = text.plist.strings; name = en; path = en.lproj/InfoPlist.strings; sourceTree = "<group>"; };
		D04A3741153B7E14005621CF /* main.m */ = {isa = PBXFileReference; lastKnownFileType = sourcecode.c.objc; path = main.m; sourceTree = "<group>"; };
		D04A3743153B7E14005621CF /* FastImageCorrelation-Prefix.pch */ = {isa = PBXFileReference; lastKnownFileType = sourcecode.c.h; path = "FastImageCorrelation-Prefix.pch"; sourceTree = "<group>"; };
		D04A3745153B7E14005621CF /* en */ = {isa = PBXFileReference; lastKnownFileType = text.rtf; name = en; path = en.lproj/Credits.rtf; sourceTree = "<group>"; };
		D04A3747153B7E14005621CF /* AppDelegate.h */ = {isa = PBXFileReference; lastKnownFileType = sourcecode.c.h; path = AppDelegate.h; sourceTree = "<group>"; };
		D04A3748153B7E14005621CF /* AppDelegate.m */ = {isa = PBXFileReference; lastKnownFileType = sourcecode.c.objc; path = AppDelegate.m; sourceTree = "<group>"; };
		D04A374B153B7E14005621CF /* en */ = {isa = PBXFileReference; lastKnownFileType = file.xib; name = en; path = en.lproj/MainMenu.xib; sourceTree = "<group>"; };
		D04A3752153B7E14005621CF /* FastImageCorrelationTests.octest */ = {isa = PBXFileReference; explicitFileType = wrapper.cfbundle; includeInIndex = 0; path = FastImageCorrelationTests.octest; sourceTree = BUILT_PRODUCTS_DIR; };
		D04A3753153B7E14005621CF /* SenTestingKit.framework */ = {isa = PBXFileReference; lastKnownFileType = wrapper.framework; name = SenTestingKit.framework; path = Library/Frameworks/SenTestingKit.framework; sourceTree = DEVELOPER_DIR; };
		D04A375A153B7E14005621CF /* FastImageCorrelationTests-Info.plist */ = {isa = PBXFileReference; lastKnownFileType = text.plist.xml; path = "FastImageCorrelationTests-Info.plist"; sourceTree = "<group>"; };
		D04A375C153B7E14005621CF /* en */ = {isa = PBXFileReference; lastKnownFileType = text.plist.strings; name = en; path = en.lproj/InfoPlist.strings; sourceTree = "<group>"; };
		D04A375E153B7E14005621CF /* FastImageCorrelationTests.h */ = {isa = PBXFileReference; lastKnownFileType = sourcecode.c.h; path = FastImageCorrelationTests.h; sourceTree = "<group>"; };
		D04A375F153B7E14005621CF /* FastImageCorrelationTests.m */ = {isa = PBXFileReference; lastKnownFileType = sourcecode.c.objc; path = FastImageCorrelationTests.m; sourceTree = "<group>"; };
		D04A376A153B7FF2005621CF /* NOImageCorrelate.h */ = {isa = PBXFileReference; fileEncoding = 4; lastKnownFileType = sourcecode.c.h; path = NOImageCorrelate.h; sourceTree = SOURCE_ROOT; };
		D04A376B153B7FF2005621CF /* NOImageCorrelate.m */ = {isa = PBXFileReference; fileEncoding = 4; lastKnownFileType = sourcecode.c.objc; path = NOImageCorrelate.m; sourceTree = SOURCE_ROOT; };
/* End PBXFileReference section */

/* Begin PBXFrameworksBuildPhase section */
		D04A372E153B7E14005621CF /* Frameworks */ = {
			isa = PBXFrameworksBuildPhase;
			buildActionMask = 2147483647;
			files = (
				D04A3736153B7E14005621CF /* Cocoa.framework in Frameworks */,
			);
			runOnlyForDeploymentPostprocessing = 0;
		};
		D04A374E153B7E14005621CF /* Frameworks */ = {
			isa = PBXFrameworksBuildPhase;
			buildActionMask = 2147483647;
			files = (
				D04A3754153B7E14005621CF /* SenTestingKit.framework in Frameworks */,
				D04A3755153B7E14005621CF /* Cocoa.framework in Frameworks */,
			);
			runOnlyForDeploymentPostprocessing = 0;
		};
/* End PBXFrameworksBuildPhase section */

/* Begin PBXGroup section */
		D04A3726153B7E14005621CF = {
			isa = PBXGroup;
			children = (
				D04A373B153B7E14005621CF /* FastImageCorrelation */,
				D04A3758153B7E14005621CF /* FastImageCorrelationTests */,
				D04A3734153B7E14005621CF /* Frameworks */,
				D04A3732153B7E14005621CF /* Products */,
			);
			sourceTree = "<group>";
		};
		D04A3732153B7E14005621CF /* Products */ = {
			isa = PBXGroup;
			children = (
				D04A3731153B7E14005621CF /* FastImageCorrelation.app */,
				D04A3752153B7E14005621CF /* FastImageCorrelationTests.octest */,
			);
			name = Products;
			sourceTree = "<group>";
		};
		D04A3734153B7E14005621CF /* Frameworks */ = {
			isa = PBXGroup;
			children = (
				D04A3735153B7E14005621CF /* Cocoa.framework */,
				D04A3753153B7E14005621CF /* SenTestingKit.framework */,
				D04A3737153B7E14005621CF /* Other Frameworks */,
			);
			name = Frameworks;
			sourceTree = "<group>";
		};
		D04A3737153B7E14005621CF /* Other Frameworks */ = {
			isa = PBXGroup;
			children = (
				D04A3738153B7E14005621CF /* AppKit.framework */,
				D04A3739153B7E14005621CF /* CoreData.framework */,
				D04A373A153B7E14005621CF /* Foundation.framework */,
			);
			name = "Other Frameworks";
			sourceTree = "<group>";
		};
		D04A373B153B7E14005621CF /* FastImageCorrelation */ = {
			isa = PBXGroup;
			children = (
				D04A3769153B7FD7005621CF /* NOImageCorrelate */,
				D04A3747153B7E14005621CF /* AppDelegate.h */,
				D04A3748153B7E14005621CF /* AppDelegate.m */,
				D04A374A153B7E14005621CF /* MainMenu.xib */,
				D04A373C153B7E14005621CF /* Supporting Files */,
			);
			path = FastImageCorrelation;
			sourceTree = "<group>";
		};
		D04A373C153B7E14005621CF /* Supporting Files */ = {
			isa = PBXGroup;
			children = (
				D04A373D153B7E14005621CF /* FastImageCorrelation-Info.plist */,
				D04A373E153B7E14005621CF /* InfoPlist.strings */,
				D04A3741153B7E14005621CF /* main.m */,
				D04A3743153B7E14005621CF /* FastImageCorrelation-Prefix.pch */,
				D04A3744153B7E14005621CF /* Credits.rtf */,
			);
			name = "Supporting Files";
			sourceTree = "<group>";
		};
		D04A3758153B7E14005621CF /* FastImageCorrelationTests */ = {
			isa = PBXGroup;
			children = (
				D04A375E153B7E14005621CF /* FastImageCorrelationTests.h */,
				D04A375F153B7E14005621CF /* FastImageCorrelationTests.m */,
				D04A3759153B7E14005621CF /* Supporting Files */,
			);
			path = FastImageCorrelationTests;
			sourceTree = "<group>";
		};
		D04A3759153B7E14005621CF /* Supporting Files */ = {
			isa = PBXGroup;
			children = (
				D04A375A153B7E14005621CF /* FastImageCorrelationTests-Info.plist */,
				D04A375B153B7E14005621CF /* InfoPlist.strings */,
			);
			name = "Supporting Files";
			sourceTree = "<group>";
		};
		D04A3769153B7FD7005621CF /* NOImageCorrelate */ = {
			isa = PBXGroup;
			children = (
				D04A376A153B7FF2005621CF /* NOImageCorrelate.h */,
				D04A376B153B7FF2005621CF /* NOImageCorrelate.m */,
			);
			name = NOImageCorrelate;
			sourceTree = "<group>";
		};
/* End PBXGroup section */

/* Begin PBXNativeTarget section */
		D04A3730153B7E14005621CF /* FastImageCorrelation */ = {
			isa = PBXNativeTarget;
			buildConfigurationList = D04A3763153B7E14005621CF /* Build configuration list for PBXNativeTarget "FastImageCorrelation" */;
			buildPhases = (
				D04A372D153B7E14005621CF /* Sources */,
				D04A372E153B7E14005621CF /* Frameworks */,
				D04A372F153B7E14005621CF /* Resources */,
			);
			buildRules = (
			);
			dependencies = (
			);
			name = FastImageCorrelation;
			productName = FastImageCorrelation;
			productReference = D04A3731153B7E14005621CF /* FastImageCorrelation.app */;
			productType = "com.apple.product-type.application";
		};
		D04A3751153B7E14005621CF /* FastImageCorrelationTests */ = {
			isa = PBXNativeTarget;
			buildConfigurationList = D04A3766153B7E14005621CF /* Build configuration list for PBXNativeTarget "FastImageCorrelationTests" */;
			buildPhases = (
				D04A374D153B7E14005621CF /* Sources */,
				D04A374E153B7E14005621CF /* Frameworks */,
				D04A374F153B7E14005621CF /* Resources */,
				D04A3750153B7E14005621CF /* ShellScript */,
			);
			buildRules = (
			);
			dependencies = (
				D04A3757153B7E14005621CF /* PBXTargetDependency */,
			);
			name = FastImageCorrelationTests;
			productName = FastImageCorrelationTests;
			productReference = D04A3752153B7E14005621CF /* FastImageCorrelationTests.octest */;
			productType = "com.apple.product-type.bundle";
		};
/* End PBXNativeTarget section */

/* Begin PBXProject section */
		D04A3728153B7E14005621CF /* Project object */ = {
			isa = PBXProject;
			attributes = {
				LastUpgradeCheck = 0430;
			};
			buildConfigurationList = D04A372B153B7E14005621CF /* Build configuration list for PBXProject "FastImageCorrelation" */;
			compatibilityVersion = "Xcode 3.2";
			developmentRegion = English;
			hasScannedForEncodings = 0;
			knownRegions = (
				en,
			);
			mainGroup = D04A3726153B7E14005621CF;
			productRefGroup = D04A3732153B7E14005621CF /* Products */;
			projectDirPath = "";
			projectRoot = "";
			targets = (
				D04A3730153B7E14005621CF /* FastImageCorrelation */,
				D04A3751153B7E14005621CF /* FastImageCorrelationTests */,
			);
		};
/* End PBXProject section */

/* Begin PBXResourcesBuildPhase section */
		D04A372F153B7E14005621CF /* Resources */ = {
			isa = PBXResourcesBuildPhase;
			buildActionMask = 2147483647;
			files = (
				D04A3740153B7E14005621CF /* InfoPlist.strings in Resources */,
				D04A3746153B7E14005621CF /* Credits.rtf in Resources */,
				D04A374C153B7E14005621CF /* MainMenu.xib in Resources */,
			);
			runOnlyForDeploymentPostprocessing = 0;
		};
		D04A374F153B7E14005621CF /* Resources */ = {
			isa = PBXResourcesBuildPhase;
			buildActionMask = 2147483647;
			files = (
				D04A375D153B7E14005621CF /* InfoPlist.strings in Resources */,
			);
			runOnlyForDeploymentPostprocessing = 0;
		};
/* End PBXResourcesBuildPhase section */

/* Begin PBXShellScriptBuildPhase section */
		D04A3750153B7E14005621CF /* ShellScript */ = {
			isa = PBXShellScriptBuildPhase;
			buildActionMask = 2147483647;
			files = (
			);
			inputPaths = (
			);
			outputPaths = (
			);
			runOnlyForDeploymentPostprocessing = 0;
			shellPath = /bin/sh;
			shellScript = "# Run the unit tests in this test bundle.\n\"${SYSTEM_DEVELOPER_DIR}/Tools/RunUnitTests\"\n";
		};
/* End PBXShellScriptBuildPhase section */

/* Begin PBXSourcesBuildPhase section */
		D04A372D153B7E14005621CF /* Sources */ = {
			isa = PBXSourcesBuildPhase;
			buildActionMask = 2147483647;
			files = (
				D04A3742153B7E14005621CF /* main.m in Sources */,
				D04A3749153B7E14005621CF /* AppDelegate.m in Sources */,
				D04A376C153B7FF2005621CF /* NOImageCorrelate.m in Sources */,
			);
			runOnlyForDeploymentPostprocessing = 0;
		};
		D04A374D153B7E14005621CF /* Sources */ = {
			isa = PBXSourcesBuildPhase;
			buildActionMask = 2147483647;
			files = (
				D04A3760153B7E14005621CF /* FastImageCorrelationTests.m in Sources */,
			);
			runOnlyForDeploymentPostprocessing = 0;
		};
/* End PBXSourcesBuildPhase section */

/* Begin PBXTargetDependency section */
		D04A3757153B7E14005621CF /* PBXTargetDependency */ = {
			isa = PBXTargetDependency;
			target = D04A3730153B7E14005621CF /* FastImageCorrelation */;
			targetProxy = D04A3756153B7E14005621CF /* PBXContainerItemProxy */;
		};
/* End PBXTargetDependency section */

/* Begin PBXVariantGroup section */
		D04A373E153B7E14005621CF /* InfoPlist.strings */ = {
			isa = PBXVariantGroup;
			children = (
				D04A373F153B7E14005621CF /* en */,
			);
			name = InfoPlist.strings;
			sourceTree = "<group>";
		};
		D04A3744153B7E14005621CF /* Credits.rtf */ = {
			isa = PBXVariantGroup;
			children = (
				D04A3745153B7E14005621CF /* en */,
			);
			name = Credits.rtf;
			sourceTree = "<group>";
		};
		D04A374A153B7E14005621CF /* MainMenu.xib */ = {
			isa = PBXVariantGroup;
			children = (
				D04A374B153B7E14005621CF /* en */,
			);
			name = MainMenu.xib;
			sourceTree = "<group>";
		};
		D04A375B153B7E14005621CF /* InfoPlist.strings */ = {
			isa = PBXVariantGroup;
			children = (
				D04A375C153B7E14005621CF /* en */,
			);
			name = InfoPlist.strings;
			sourceTree = "<group>";
		};
/* End PBXVariantGroup section */

/* Begin XCBuildConfiguration section */
		D04A3761153B7E14005621CF /* Debug */ = {
			isa = XCBuildConfiguration;
			buildSettings = {
				ALWAYS_SEARCH_USER_PATHS = NO;
				ARCHS = "$(ARCHS_STANDARD_64_BIT)";
				CLANG_ENABLE_OBJC_ARC = YES;
				COPY_PHASE_STRIP = NO;
				GCC_C_LANGUAGE_STANDARD = gnu99;
				GCC_DYNAMIC_NO_PIC = NO;
				GCC_ENABLE_OBJC_EXCEPTIONS = YES;
				GCC_OPTIMIZATION_LEVEL = 0;
				GCC_PREPROCESSOR_DEFINITIONS = (
					"DEBUG=1",
					"$(inherited)",
				);
				GCC_SYMBOLS_PRIVATE_EXTERN = NO;
				GCC_VERSION = com.apple.compilers.llvm.clang.1_0;
				GCC_WARN_64_TO_32_BIT_CONVERSION = YES;
				GCC_WARN_ABOUT_RETURN_TYPE = YES;
				GCC_WARN_UNINITIALIZED_AUTOS = YES;
				GCC_WARN_UNUSED_VARIABLE = YES;
				MACOSX_DEPLOYMENT_TARGET = 10.7;
				ONLY_ACTIVE_ARCH = YES;
				SDKROOT = macosx;
			};
			name = Debug;
		};
		D04A3762153B7E14005621CF /* Release */ = {
			isa = XCBuildConfiguration;
			buildSettings = {
				ALWAYS_SEARCH_USER_PATHS = NO;
				ARCHS = "$(ARCHS_STANDARD_64_BIT)";
				CLANG_ENABLE_OBJC_ARC = YES;
				COPY_PHASE_STRIP = YES;
				DEBUG_INFORMATION_FORMAT = "dwarf-with-dsym";
				GCC_C_LANGUAGE_STANDARD = gnu99;
				GCC_ENABLE_OBJC_EXCEPTIONS = YES;
				GCC_VERSION = com.apple.compilers.llvm.clang.1_0;
				GCC_WARN_64_TO_32_BIT_CONVERSION = YES;
				GCC_WARN_ABOUT_RETURN_TYPE = YES;
				GCC_WARN_UNINITIALIZED_AUTOS = YES;
				GCC_WARN_UNUSED_VARIABLE = YES;
				MACOSX_DEPLOYMENT_TARGET = 10.7;
				SDKROOT = macosx;
			};
			name = Release;
		};
		D04A3764153B7E14005621CF /* Debug */ = {
			isa = XCBuildConfiguration;
			buildSettings = {
				GCC_PRECOMPILE_PREFIX_HEADER = YES;
				GCC_PREFIX_HEADER = "FastImageCorrelation/FastImageCorrelation-Prefix.pch";
				INFOPLIST_FILE = "FastImageCorrelation/FastImageCorrelation-Info.plist";
				PRODUCT_NAME = "$(TARGET_NAME)";
				WRAPPER_EXTENSION = app;
			};
			name = Debug;
		};
		D04A3765153B7E14005621CF /* Release */ = {
			isa = XCBuildConfiguration;
			buildSettings = {
				GCC_PRECOMPILE_PREFIX_HEADER = YES;
				GCC_PREFIX_HEADER = "FastImageCorrelation/FastImageCorrelation-Prefix.pch";
				INFOPLIST_FILE = "FastImageCorrelation/FastImageCorrelation-Info.plist";
				PRODUCT_NAME = "$(TARGET_NAME)";
				WRAPPER_EXTENSION = app;
			};
			name = Release;
		};
		D04A3767153B7E14005621CF /* Debug */ = {
			isa = XCBuildConfiguration;
			buildSettings = {
				BUNDLE_LOADER = "$(BUILT_PRODUCTS_DIR)/FastImageCorrelation.app/Contents/MacOS/FastImageCorrelation";
				FRAMEWORK_SEARCH_PATHS = "$(DEVELOPER_LIBRARY_DIR)/Frameworks";
				GCC_PRECOMPILE_PREFIX_HEADER = YES;
				GCC_PREFIX_HEADER = "FastImageCorrelation/FastImageCorrelation-Prefix.pch";
				INFOPLIST_FILE = "FastImageCorrelationTests/FastImageCorrelationTests-Info.plist";
				PRODUCT_NAME = "$(TARGET_NAME)";
				TEST_HOST = "$(BUNDLE_LOADER)";
				WRAPPER_EXTENSION = octest;
			};
			name = Debug;
		};
		D04A3768153B7E14005621CF /* Release */ = {
			isa = XCBuildConfiguration;
			buildSettings = {
				BUNDLE_LOADER = "$(BUILT_PRODUCTS_DIR)/FastImageCorrelation.app/Contents/MacOS/FastImageCorrelation";
				FRAMEWORK_SEARCH_PATHS = "$(DEVELOPER_LIBRARY_DIR)/Frameworks";
				GCC_PRECOMPILE_PREFIX_HEADER = YES;
				GCC_PREFIX_HEADER = "FastImageCorrelation/FastImageCorrelation-Prefix.pch";
				INFOPLIST_FILE = "FastImageCorrelationTests/FastImageCorrelationTests-Info.plist";
				PRODUCT_NAME = "$(TARGET_NAME)";
				TEST_HOST = "$(BUNDLE_LOADER)";
				WRAPPER_EXTENSION = octest;
			};
			name = Release;
		};
/* End XCBuildConfiguration section */

/* Begin XCConfigurationList section */
		D04A372B153B7E14005621CF /* Build configuration list for PBXProject "FastImageCorrelation" */ = {
			isa = XCConfigurationList;
			buildConfigurations = (
				D04A3761153B7E14005621CF /* Debug */,
				D04A3762153B7E14005621CF /* Release */,
			);
			defaultConfigurationIsVisible = 0;
			defaultConfigurationName = Release;
		};
		D04A3763153B7E14005621CF /* Build configuration list for PBXNativeTarget "FastImageCorrelation" */ = {
			isa = XCConfigurationList;
			buildConfigurations = (
				D04A3764153B7E14005621CF /* Debug */,
				D04A3765153B7E14005621CF /* Release */,
			);
			defaultConfigurationIsVisible = 0;
		};
		D04A3766153B7E14005621CF /* Build configuration list for PBXNativeTarget "FastImageCorrelationTests" */ = {
			isa = XCConfigurationList;
			buildConfigurations = (
				D04A3767153B7E14005621CF /* Debug */,
				D04A3768153B7E14005621CF /* Release */,
			);
			defaultConfigurationIsVisible = 0;
		};
/* End XCConfigurationList section */
	};
	rootObject = D04A3728153B7E14005621CF /* Project object */;
}
